<?xml version="1.0" encoding="utf-8"?>
<Project ToolsVersion="4.0" xmlns="http://schemas.microsoft.com/developer/msbuild/2003">
  <ItemGroup>
    <ClCompile Include="Render\Camera.cpp">
      <Filter>Render</Filter>
    </ClCompile>
    <ClCompile Include="Render\Render.cpp">
      <Filter>Render</Filter>
    </ClCompile>
    <ClCompile Include="RenderUtils.cpp" />
    <ClCompile Include="main.cpp" />
    <ClCompile Include="callbacks.cpp" />
    <ClCompile Include="Cannonball.cpp">
      <Filter>ParticleTypes</Filter>
    </ClCompile>
    <ClCompile Include="Fireball.cpp">
      <Filter>ParticleTypes</Filter>
    </ClCompile>
    <ClCompile Include="Laser.cpp">
      <Filter>ParticleTypes</Filter>
    </ClCompile>
    <ClCompile Include="Rocket.cpp">
      <Filter>ParticleTypes</Filter>
    </ClCompile>
    <ClCompile Include="ParticleSystem.cpp">
      <Filter>ParticleSystems</Filter>
    </ClCompile>
    <ClCompile Include="Particle.cpp">
      <Filter>ParticleTypes</Filter>
    </ClCompile>
    <ClCompile Include="GaussianParticleGenerator.cpp">
      <Filter>ParticleGenerators</Filter>
    </ClCompile>
    <ClCompile Include="UniformParticleGenerator.cpp">
      <Filter>ParticleGenerators</Filter>
    </ClCompile>
    <ClCompile Include="TimedParticleSystem.cpp">
      <Filter>ParticleSystems</Filter>
    </ClCompile>
    <ClCompile Include="FireworkSystem.cpp">
      <Filter>ParticleSystems</Filter>
    </ClCompile>
    <ClCompile Include="Firework.cpp">
      <Filter>ParticleTypes</Filter>
    </ClCompile>
    <ClCompile Include="FireworkGenerator.cpp">
      <Filter>ParticleGenerators</Filter>
    </ClCompile>
    <ClCompile Include="CircleGenerator.cpp">
      <Filter>ParticleGenerators</Filter>
    </ClCompile>
    <ClCompile Include="GravityForceGenerator.cpp">
      <Filter>ForceGenerators</Filter>
    </ClCompile>
    <ClCompile Include="WindForceGenerator.cpp">
      <Filter>ForceGenerators</Filter>
    </ClCompile>
    <ClCompile Include="VortexGenerator.cpp">
      <Filter>ForceGenerators</Filter>
    </ClCompile>
    <ClCompile Include="ExplosionForceGenerator.cpp">
      <Filter>ForceGenerators</Filter>
    </ClCompile>
    <ClCompile Include="ContinuousParticleSystem.cpp">
      <Filter>ParticleSystems</Filter>
    </ClCompile>
    <ClCompile Include="SpringParticleSystem.cpp">
      <Filter>ParticleSystems</Filter>
    </ClCompile>
    <ClCompile Include="SpringForceGenerator.cpp">
      <Filter>ForceGenerators\Springs</Filter>
    </ClCompile>
    <ClCompile Include="AnchoredSpringFG.cpp">
      <Filter>ForceGenerators\Springs</Filter>
    </ClCompile>
    <ClCompile Include="BungeeForceGenerator.cpp">
      <Filter>ForceGenerators\Springs</Filter>
    </ClCompile>
    <ClCompile Include="BuoyancyForceGenerator.cpp">
      <Filter>ForceGenerators\Springs</Filter>
    </ClCompile>
    <ClCompile Include="GaussianBodyGenerator.cpp">
      <Filter>RigidBodies\Generators</Filter>
    </ClCompile>
    <ClCompile Include="RBWindForceGenerator.cpp">
      <Filter>RigidBodies\Forces</Filter>
    </ClCompile>
    <ClCompile Include="RigidbodySystem.cpp">
      <Filter>RigidBodies\Systems</Filter>
    </ClCompile>
    <ClCompile Include="BuoyancyForceGeneratorRB.cpp">
      <Filter>RigidBodies\Forces</Filter>
    </ClCompile>
    <ClCompile Include="CloudSystem.cpp">
      <Filter>ParticleSystems</Filter>
    </ClCompile>
    <ClCompile Include="AerodinamicForceGenerator.cpp">
      <Filter>RigidBodies\Forces</Filter>
    </ClCompile>
    <ClCompile Include="BoatSystem.cpp">
      <Filter>RigidBodies\Systems</Filter>
    </ClCompile>
  </ItemGroup>
  <ItemGroup>
    <ClInclude Include="core.hpp" />
    <ClInclude Include="Render\Camera.h">
      <Filter>Render</Filter>
    </ClInclude>
    <ClInclude Include="Render\Render.h">
      <Filter>Render</Filter>
    </ClInclude>
    <ClInclude Include="RenderUtils.hpp" />
    <ClInclude Include="callbacks.hpp" />
    <ClInclude Include="Fireball.h">
      <Filter>ParticleTypes</Filter>
    </ClInclude>
    <ClInclude Include="Laser.h">
      <Filter>ParticleTypes</Filter>
    </ClInclude>
    <ClInclude Include="Rocket.h">
      <Filter>ParticleTypes</Filter>
    </ClInclude>
    <ClInclude Include="ParticleSystem.h">
      <Filter>ParticleSystems</Filter>
    </ClInclude>
    <ClInclude Include="Particle.h">
      <Filter>ParticleTypes</Filter>
    </ClInclude>
    <ClInclude Include="GaussianParticleGenerator.h">
      <Filter>ParticleGenerators</Filter>
    </ClInclude>
    <ClInclude Include="UniformParticleGenerator.h">
      <Filter>ParticleGenerators</Filter>
    </ClInclude>
    <ClInclude Include="ParticleGenerator.h">
      <Filter>ParticleGenerators</Filter>
    </ClInclude>
    <ClInclude Include="TimedParticleSystem.h">
      <Filter>ParticleSystems</Filter>
    </ClInclude>
    <ClInclude Include="FireworksRules.h">
      <Filter>ParticleSystems</Filter>
    </ClInclude>
    <ClInclude Include="FireworkSystem.h">
      <Filter>ParticleSystems</Filter>
    </ClInclude>
    <ClInclude Include="Firework.h">
      <Filter>ParticleTypes</Filter>
    </ClInclude>
    <ClInclude Include="FireworkGenerator.h">
      <Filter>ParticleGenerators</Filter>
    </ClInclude>
    <ClInclude Include="Colors.h" />
    <ClInclude Include="CircleGenerator.h">
      <Filter>ParticleGenerators</Filter>
    </ClInclude>
    <ClInclude Include="checkML.h" />
    <ClInclude Include="ForceGenerator.h">
      <Filter>ForceGenerators</Filter>
    </ClInclude>
    <ClInclude Include="ParticleForceRegistry.h">
      <Filter>ForceGenerators</Filter>
    </ClInclude>
    <ClInclude Include="GravityForceGenerator.h">
      <Filter>ForceGenerators</Filter>
    </ClInclude>
    <ClInclude Include="WindForceGenerator.h">
      <Filter>ForceGenerators</Filter>
    </ClInclude>
    <ClInclude Include="Cannonball.h">
      <Filter>ParticleTypes</Filter>
    </ClInclude>
    <ClInclude Include="VortexGenerator.h">
      <Filter>ForceGenerators</Filter>
    </ClInclude>
    <ClInclude Include="ExplosionForceGenerator.h">
      <Filter>ForceGenerators</Filter>
    </ClInclude>
    <ClInclude Include="ContinuousParticleSystem.h">
      <Filter>ParticleSystems</Filter>
    </ClInclude>
    <ClInclude Include="SpringParticleSystem.h">
      <Filter>ParticleSystems</Filter>
    </ClInclude>
    <ClInclude Include="AnchoredSpringFG.h">
      <Filter>ForceGenerators\Springs</Filter>
    </ClInclude>
    <ClInclude Include="SpringForceGenerator.h">
      <Filter>ForceGenerators\Springs</Filter>
    </ClInclude>
    <ClInclude Include="BungeeForceGenerator.h">
      <Filter>ForceGenerators\Springs</Filter>
    </ClInclude>
    <ClInclude Include="BuoyancyForceGenerator.h">
      <Filter>ForceGenerators\Springs</Filter>
    </ClInclude>
    <ClInclude Include="Rigidbody.h">
      <Filter>RigidBodies</Filter>
    </ClInclude>
    <ClInclude Include="DinamicRigidbody.h">
      <Filter>RigidBodies</Filter>
    </ClInclude>
    <ClInclude Include="StaticRigidbody.h">
      <Filter>RigidBodies</Filter>
    </ClInclude>
    <ClInclude Include="RigidBodyGenerator.h">
      <Filter>RigidBodies\Generators</Filter>
    </ClInclude>
    <ClInclude Include="GaussianBodyGenerator.h">
      <Filter>RigidBodies\Generators</Filter>
    </ClInclude>
    <ClInclude Include="RBForceGenerator.h">
      <Filter>RigidBodies\Forces</Filter>
    </ClInclude>
    <ClInclude Include="RBWindForceGenerator.h">
      <Filter>RigidBodies\Forces</Filter>
    </ClInclude>
    <ClInclude Include="RigidbodySystem.h">
      <Filter>RigidBodies\Systems</Filter>
    </ClInclude>
    <ClInclude Include="RigidbodyForceRegistry.h">
      <Filter>RigidBodies\Forces</Filter>
    </ClInclude>
    <ClInclude Include="BuoyancyForceGeneratorRB.h">
      <Filter>RigidBodies\Forces</Filter>
    </ClInclude>
    <ClInclude Include="RocketSystem.h">
      <Filter>ParticleSystems</Filter>
    </ClInclude>
    <ClInclude Include="CloudSystem.h">
      <Filter>ParticleSystems</Filter>
    </ClInclude>
    <ClInclude Include="AerodinamicForceGenerator.h">
      <Filter>RigidBodies\Forces</Filter>
    </ClInclude>
    <ClInclude Include="BoatSystem.h">
      <Filter>RigidBodies\Systems</Filter>
    </ClInclude>
  </ItemGroup>
  <ItemGroup>
    <Filter Include="Render">
      <UniqueIdentifier>{d04b4f9f-5a69-465e-8070-25c6d0bcd3c2}</UniqueIdentifier>
    </Filter>
    <Filter Include="ParticleTypes">
      <UniqueIdentifier>{e7c547d8-75b0-41fd-80c8-1ac5f5234388}</UniqueIdentifier>
    </Filter>
    <Filter Include="ParticleSystems">
      <UniqueIdentifier>{145d745c-1e10-4bf3-962e-ec9df0f30bd1}</UniqueIdentifier>
    </Filter>
    <Filter Include="ParticleGenerators">
      <UniqueIdentifier>{0380d0cf-7f66-46b9-a4ca-c6c6df83ba49}</UniqueIdentifier>
    </Filter>
    <Filter Include="ForceGenerators">
      <UniqueIdentifier>{94acb3a1-d7d7-479c-821c-d3cd1e160b94}</UniqueIdentifier>
    </Filter>
    <Filter Include="ForceGenerators\Springs">
      <UniqueIdentifier>{c9e7ab9d-1388-4617-81e2-842f50c131ec}</UniqueIdentifier>
    </Filter>
    <Filter Include="RigidBodies">
      <UniqueIdentifier>{43f127a9-5168-45f0-8830-f7e54dbd258d}</UniqueIdentifier>
    </Filter>
    <Filter Include="RigidBodies\Generators">
      <UniqueIdentifier>{5230de77-1f01-4e93-98ef-a3f083ae9469}</UniqueIdentifier>
    </Filter>
    <Filter Include="RigidBodies\Forces">
      <UniqueIdentifier>{0b1662ab-f41d-4a98-b593-530102cfec67}</UniqueIdentifier>
    </Filter>
    <Filter Include="RigidBodies\Systems">
      <UniqueIdentifier>{254f1e2c-8b82-43b2-9920-ed868d0ac55a}</UniqueIdentifier>
    </Filter>
  </ItemGroup>
</Project>